{
  "name": "@concorde/understand-anything-viewer-runtime",
  "version": "2.1.0",
  "lockfileVersion": 3,
  "requires": true,
  "packages": {
    "": {
      "name": "@concorde/understand-anything-viewer-runtime",
      "version": "2.1.0",
      "dependencies": {
        "understand-anything-viewer": "https://github.com/Egonex-AI/Understand-Anything/releases/download/v2.9.0/understand-anything-viewer.tgz"
      },
      "engines": {
        "node": ">=18"
      }
    },
    "node_modules/understand-anything-viewer": {
      "version": "2.9.0",
      "resolved": "https://github.com/Egonex-AI/Understand-Anything/releases/download/v2.9.0/understand-anything-viewer.tgz",
      "integrity": "sha512-2Zn32lJYEgQ9A9WTpRRGj/WNhC4rcQdZEVWSsFA1TyjLwbD5LdaTf+FwpBX9BviaLFHT6kiLIdFEWAkusn51Mg==",
      "license": "MIT",
      "bin": {
        "understand-anything-viewer": "bin/viewer.mjs"
      },
      "engines": {
        "node": ">=18"
      }
    }
  }
}
